#include <windows.h>
#include <stdio.h>
#include <iostream>
using namespace std;

int main(void)
{
	system("cls");
	int i1 = GetConsoleCP();
	SetConsoleCP(1251);
	SetConsoleOutputCP(1251);

	cout << "Введите первое число\n";
	double a;
	cin >> a;
	cout << "Введите второе число\n";
	double b;
	cin >> b;
	cout << "Среднее арифметическое введенных чисел :" << (a + b) / 2 << "\n";
	SetConsoleCP(i1);
	SetConsoleOutputCP(i1);

	return 0;
}
